
Microsoft Visual Studio Solution File, Format Version 11.00
# Visual Studio 2010
Project("{FAE04EC0-301F-11D3-BF4B-00C04F79EFBC}") = "Assembly-CSharp", "Assembly-CSharp.csproj", "{2F88DDF1-E6F6-3E51-A8B0-3819BE1A1442}"
EndProject
Project("{FAE04EC0-301F-11D3-BF4B-00C04F79EFBC}") = "Assembly-CSharp-Editor", "Assembly-CSharp-Editor.csproj", "{F37369BF-E8F9-C1BC-EC2D-C71E5F70BD15}"
EndProject
Global
	GlobalSection(SolutionConfigurationPlatforms) = preSolution
		Debug|Any CPU = Debug|Any CPU
		Release|Any CPU = Release|Any CPU
	EndGlobalSection
	GlobalSection(ProjectConfigurationPlatforms) = postSolution
		{2F88DDF1-E6F6-3E51-A8B0-3819BE1A1442}.Debug|Any CPU.ActiveCfg = Debug|Any CPU
		{2F88DDF1-E6F6-3E51-A8B0-3819BE1A1442}.Debug|Any CPU.Build.0 = Debug|Any CPU
		{2F88DDF1-E6F6-3E51-A8B0-3819BE1A1442}.Release|Any CPU.ActiveCfg = Release|Any CPU
		{2F88DDF1-E6F6-3E51-A8B0-3819BE1A1442}.Release|Any CPU.Build.0 = Release|Any CPU
		{F37369BF-E8F9-C1BC-EC2D-C71E5F70BD15}.Debug|Any CPU.ActiveCfg = Debug|Any CPU
		{F37369BF-E8F9-C1BC-EC2D-C71E5F70BD15}.Debug|Any CPU.Build.0 = Debug|Any CPU
		{F37369BF-E8F9-C1BC-EC2D-C71E5F70BD15}.Release|Any CPU.ActiveCfg = Release|Any CPU
		{F37369BF-E8F9-C1BC-EC2D-C71E5F70BD15}.Release|Any CPU.Build.0 = Release|Any CPU
	EndGlobalSection
	GlobalSection(SolutionProperties) = preSolution
		HideSolutionNode = FALSE
	EndGlobalSection
	GlobalSection(MonoDevelopProperties) = preSolution
		StartupItem = Assembly-CSharp.csproj
	EndGlobalSection
EndGlobal
